{
  "name": "otto-ninja-pro-controller",
  "version": "2.0.0",
  "lockfileVersion": 3,
  "requires": true,
  "packages": {
    "": {
      "name": "otto-ninja-pro-controller",
      "version": "2.0.0",
      "license": "MIT",
      "devDependencies": {
        "live-server": "^1.2.2",
        "serve": "^14.2.0"
      },
      "dependencies": {
        "@capacitor/android": "^6.2.1",
        "@capacitor/cli": "^6.2.1",
        "@capacitor/core": "^6.2.1"
      }
    },
    "node_modules/@capacitor/android": {
      "version": "6.2.1",
      "resolved": "https://registry.npmjs.org/@capacitor/android/-/android-6.2.1.tgz",
      "integrity": "sha512-3FqK9AEdX1ngKmLdLKeViT+bvkVjGU4ePp0pb4wM+FbLzUwC+hqMHNwSHiKJceT+MkuqBHeXsHv+KoKMpLAjg==",
      "peerDependencies": {
        "@capacitor/core": "6.2.1"
      }
    },
    "node_modules/@capacitor/cli": {
      "version": "6.2.1",
      "resolved": "https://registry.npmjs.org/@capacitor/cli/-/cli-6.2.1.tgz",
      "integrity": "sha512-Q8GqUIfH3OgYcAX8pY5zELhQHBQxzVpWJ3gxQXJFYL3hPMk8l4LhPU6DqIE8MD+Ql3dCwCXXWmQ2R8bMh5PPA==",
      "dependencies": {
        "@capacitor/core": "6.2.1",
        "@ionic/cli-framework": "6.0.0",
        "@ionic/utils-array": "2.1.6",
        "@ionic/utils-fs": "3.1.7",
        "@ionic/utils-object": "2.1.6",
        "@ionic/utils-process": "2.1.11",
        "@ionic/utils-stream": "3.1.7",
        "@ionic/utils-subprocess": "2.1.12",
        "@ionic/utils-terminal": "2.3.4",
        "chalk": "^5.1.2",
        "commander": "^11.0.0",
        "debug": "^4.3.4",
        "inquirer": "9.2.11",
        "json-schema-to-typescript": "^13.0.0",
        "tslib": "^2.5.0",
        "yaml": "2.3.4"
      },
      "bin": {
        "cap": "bin/cap.js"
      },
      "engines": {
        "node": ">=18.0.0"
      }
    },
    "node_modules/@capacitor/core": {
      "version": "6.2.1",
      "resolved": "https://registry.npmjs.org/@capacitor/core/-/core-6.2.1.tgz",
      "integrity": "sha512-gXw9MxYBMsYpLHpPpo6pOVMvNXTwRiFw7uq8xbC4MRHQ9Sxi51aWHHJL2vibMTPaHvFKcqJS54JBvchNJBHbQ=="
    },
    "node_modules/@ionic/cli-framework": {
      "version": "6.0.0",
      "resolved": "https://registry.npmjs.org/@ionic/cli-framework/-/cli-framework-6.0.0.tgz",
      "integrity": "sha512-3tw9E81GQARmM4ZnXKi2mKIgJk75C4yaZI6ZwY4yBtsNzyMxJjQDe3bvD+zTjX6CwKPc/+l+P+nMTL6OHFAhAQ==",
      "dependencies": {
        "@ionic/utils-array": "2.1.6",
        "@ionic/utils-fs": "3.1.7",
        "@ionic/utils-object": "2.1.6",
        "@ionic/utils-process": "2.1.11",
        "@ionic/utils-stream": "3.1.7",
        "@ionic/utils-terminal": "2.3.4",
        "chai": "^4.3.7",
        "chalk": "^5.1.2",
        "debug": "^4.3.4",
        "jest-diff": "^29.5.0",
        "minimist": "^1.2.8",
        "rimraf": "^5.0.0",
        "tslib": "^2.5.0",
        "yaml": "2.3.4"
      }
    },
    "node_modules/chalk": {
      "version": "5.2.0",
      "resolved": "https://registry.npmjs.org/chalk/-/chalk-5.2.0.tgz",
      "integrity": "sha512-ree3Gqw/n0QAmDG6ca8Gw/g1VUIlkQyAuKwC+brZD9uX8ker2FliDwETFplN0xwmFKHkZQCbjDNPL9wkv+/HyA==",
      "engines": {
        "node": "^12.17.0 || ^14.13 || >=16.0.0"
      }
    },
    "node_modules/commander": {
      "version": "11.1.0",
      "resolved": "https://registry.npmjs.org/commander/-/commander-11.1.0.tgz",
      "integrity": "sha512-yPVav+CssL1iQHqLcChJFLkbRNbFItBVLcFhTjiZ1fHCYz1ormLbks1bzYK5qV+tRMRTVRVNk34CVIEcQCN4FA==",
      "engines": {
        "node": ">=16"
      }
    },
    "node_modules/debug": {
      "version": "4.3.4",
      "resolved": "https://registry.npmjs.org/debug/-/debug-4.3.4.tgz",
      "integrity": "sha512-PRWFHuSU3eDtQJPvnNY7Jcket1j0t5OuOsFzPPzsekD52Zl8qUfFIPEiswXqIvHWGVHOgX+7G03CNNmX9sEu+lw==",
      "dependencies": {
        "ms": "2.1.2"
      }
    },
    "node_modules/live-server": {
      "version": "1.2.2",
      "resolved": "https://registry.npmjs.org/live-server/-/live-server-1.2.2.tgz",
      "integrity": "sha512-R/YM3k6XuRAoZ3d6dLQUdgQYcGuxqvm+bnL1oLsW1x4t1HKt4kNF0NJy5XPEsK15pM05cJvjM2PIpxcMYiOxA==",
      "bin": {
        "live-server": "dist-live-server.js"
      }
    },
    "node_modules/ms": {
      "version": "2.1.2",
      "resolved": "https://registry.npmjs.org/ms/-/ms-2.1.2.tgz",
      "integrity": "sha512-sGkPx+VjMtmA6MX27oA4FBFELFCZZ4S4XqeGOXCv68tT+jb3vk/RyaKWP0PTKyWtmLSM0b+adUTEvbs1PEaH2w=="
    },
    "node_modules/serve": {
      "version": "14.2.0",
      "resolved": "https://registry.npmjs.org/serve/-/serve-14.2.0.tgz",
      "integrity": "sha512-5pCBl9XwYzqX5Z68iXWTh+7SPXcoCNe5WRhzLbuRlwKdMc/yALjUSqjsCdjMd+LyNV+/0Ckc+VcBRwk0k3IMw==",
      "bin": {
        "serve": "bin/serve.js"
      },
      "engines": {
        "node": ">= 14"
      }
    },
    "node_modules/tslib": {
      "version": "2.6.2",
      "resolved": "https://registry.npmjs.org/tslib/-/tslib-2.6.2.tgz",
      "integrity": "sha512-AEYxH93jJFP6aR52aVKiONqxlNHXh3SIZwm+j+IOxvfP7QOOFUIYmed1iETjoJqh3mWI5MpOqGQ8HkWZFCVQEA=="
    }
  }
}
